
Microsoft Visual Studio Solution File, Format Version 12.00
# Visual Studio Version 17
VisualStudioVersion = 17.14.36212.18
MinimumVisualStudioVersion = 10.0.40219.1
Project("{FAE04EC0-301F-11D3-BF4B-00C04F79EFBC}") = "Aula03", "Aula3\Aula03.csproj", "{0E6DAB27-921B-4D19-9194-AA5A2DA991D7}"
EndProject
Project("{FAE04EC0-301F-11D3-BF4B-00C04F79EFBC}") = "Aula04", "Aula4\Aula04.csproj", "{0F58F2A9-AC9C-4614-A14B-B3432FAC3059}"
EndProject
Project("{FAE04EC0-301F-11D3-BF4B-00C04F79EFBC}") = "ExerciciosAvaliativos", "Aula4_Tarefa\ExerciciosAvaliativos.csproj", "{AD603E31-E4AC-491A-A1D3-1DE4C7B6D145}"
EndProject
Project("{FAE04EC0-301F-11D3-BF4B-00C04F79EFBC}") = "Aula05", "Aula5\Aula05.csproj", "{1369FCDB-A885-43CE-97F0-9F7535327525}"
EndProject
Project("{FAE04EC0-301F-11D3-BF4B-00C04F79EFBC}") = "Aula06", "Aulas\Aula06.csproj", "{3C3EA602-CA3B-43D2-B1C0-788EBFC89EF0}"
EndProject
Project("{FAE04EC0-301F-11D3-BF4B-00C04F79EFBC}") = "TarefasAula", "TarefasAula\TarefasAula.csproj", "{1841249A-86C3-4888-9456-797185C6FA99}"
EndProject
Project("{FAE04EC0-301F-11D3-BF4B-00C04F79EFBC}") = "Aula08", "Aula08\Aula08.csproj", "{C34649D9-96A5-4C1A-9720-6467D1BBF820}"
EndProject
Project("{FAE04EC0-301F-11D3-BF4B-00C04F79EFBC}") = "Aula10", "Aula10\Aula10.csproj", "{B71F0971-367C-4324-8B1A-6FE95BD3DDB4}"
EndProject
Project("{FAE04EC0-301F-11D3-BF4B-00C04F79EFBC}") = "Aula14", "Aula14\Aula14.csproj", "{326494EB-22A4-4881-B66A-79D8391F7EF2}"
EndProject
Project("{FAE04EC0-301F-11D3-BF4B-00C04F79EFBC}") = "Aula13", "Aula13\Aula13.csproj", "{F34BE611-A444-4F91-AB58-971347767C2B}"
EndProject
Project("{FAE04EC0-301F-11D3-BF4B-00C04F79EFBC}") = "TarefasAulaOO", "TarefasAulaOO\TarefasAulaOO.csproj", "{149539B4-C7FC-4D85-8D5D-7442496D4E17}"
EndProject
Project("{FAE04EC0-301F-11D3-BF4B-00C04F79EFBC}") = "Aula12", "Aula12\Aula12.csproj", "{E425A00D-63A3-48A6-AB66-ADFD8B9A67B4}"
EndProject
Project("{FAE04EC0-301F-11D3-BF4B-00C04F79EFBC}") = "Aula15", "Aula15\Aula15.csproj", "{C2E9B446-8F25-491B-9D27-CD86DBBB7AF0}"
EndProject
Project("{FAE04EC0-301F-11D3-BF4B-00C04F79EFBC}") = "Aula16", "Aula16\Aula16.csproj", "{C10C00A2-795E-4857-810E-C823AC34258E}"
EndProject
Project("{FAE04EC0-301F-11D3-BF4B-00C04F79EFBC}") = "Aula17", "Aula17\Aula17.csproj", "{87413CA1-BD8E-4FD0-BF39-D00C62D17C98}"
EndProject
Project("{FAE04EC0-301F-11D3-BF4B-00C04F79EFBC}") = "Aula18", "Aula18\Aula18.csproj", "{9C874753-6901-44E6-B448-B7F3FB2AEAB9}"
EndProject
Project("{FAE04EC0-301F-11D3-BF4B-00C04F79EFBC}") = "Aula19", "Aula19\Aula19.csproj", "{698ED70A-9CA4-45BF-A98A-803A61340BFA}"
EndProject
Global
	GlobalSection(SolutionConfigurationPlatforms) = preSolution
		Debug|Any CPU = Debug|Any CPU
		Release|Any CPU = Release|Any CPU
	EndGlobalSection
	GlobalSection(ProjectConfigurationPlatforms) = postSolution
		{0E6DAB27-921B-4D19-9194-AA5A2DA991D7}.Debug|Any CPU.ActiveCfg = Debug|Any CPU
		{0E6DAB27-921B-4D19-9194-AA5A2DA991D7}.Debug|Any CPU.Build.0 = Debug|Any CPU
		{0E6DAB27-921B-4D19-9194-AA5A2DA991D7}.Release|Any CPU.ActiveCfg = Release|Any CPU
		{0E6DAB27-921B-4D19-9194-AA5A2DA991D7}.Release|Any CPU.Build.0 = Release|Any CPU
		{0F58F2A9-AC9C-4614-A14B-B3432FAC3059}.Debug|Any CPU.ActiveCfg = Debug|Any CPU
		{0F58F2A9-AC9C-4614-A14B-B3432FAC3059}.Debug|Any CPU.Build.0 = Debug|Any CPU
		{0F58F2A9-AC9C-4614-A14B-B3432FAC3059}.Release|Any CPU.ActiveCfg = Release|Any CPU
		{0F58F2A9-AC9C-4614-A14B-B3432FAC3059}.Release|Any CPU.Build.0 = Release|Any CPU
		{AD603E31-E4AC-491A-A1D3-1DE4C7B6D145}.Debug|Any CPU.ActiveCfg = Debug|Any CPU
		{AD603E31-E4AC-491A-A1D3-1DE4C7B6D145}.Debug|Any CPU.Build.0 = Debug|Any CPU
		{AD603E31-E4AC-491A-A1D3-1DE4C7B6D145}.Release|Any CPU.ActiveCfg = Release|Any CPU
		{AD603E31-E4AC-491A-A1D3-1DE4C7B6D145}.Release|Any CPU.Build.0 = Release|Any CPU
		{1369FCDB-A885-43CE-97F0-9F7535327525}.Debug|Any CPU.ActiveCfg = Debug|Any CPU
		{1369FCDB-A885-43CE-97F0-9F7535327525}.Debug|Any CPU.Build.0 = Debug|Any CPU
		{1369FCDB-A885-43CE-97F0-9F7535327525}.Release|Any CPU.ActiveCfg = Release|Any CPU
		{1369FCDB-A885-43CE-97F0-9F7535327525}.Release|Any CPU.Build.0 = Release|Any CPU
		{3C3EA602-CA3B-43D2-B1C0-788EBFC89EF0}.Debug|Any CPU.ActiveCfg = Debug|Any CPU
		{3C3EA602-CA3B-43D2-B1C0-788EBFC89EF0}.Debug|Any CPU.Build.0 = Debug|Any CPU
		{3C3EA602-CA3B-43D2-B1C0-788EBFC89EF0}.Release|Any CPU.ActiveCfg = Release|Any CPU
		{3C3EA602-CA3B-43D2-B1C0-788EBFC89EF0}.Release|Any CPU.Build.0 = Release|Any CPU
		{1841249A-86C3-4888-9456-797185C6FA99}.Debug|Any CPU.ActiveCfg = Debug|Any CPU
		{1841249A-86C3-4888-9456-797185C6FA99}.Debug|Any CPU.Build.0 = Debug|Any CPU
		{1841249A-86C3-4888-9456-797185C6FA99}.Release|Any CPU.ActiveCfg = Release|Any CPU
		{1841249A-86C3-4888-9456-797185C6FA99}.Release|Any CPU.Build.0 = Release|Any CPU
		{C34649D9-96A5-4C1A-9720-6467D1BBF820}.Debug|Any CPU.ActiveCfg = Debug|Any CPU
		{C34649D9-96A5-4C1A-9720-6467D1BBF820}.Debug|Any CPU.Build.0 = Debug|Any CPU
		{C34649D9-96A5-4C1A-9720-6467D1BBF820}.Release|Any CPU.ActiveCfg = Release|Any CPU
		{C34649D9-96A5-4C1A-9720-6467D1BBF820}.Release|Any CPU.Build.0 = Release|Any CPU
		{B71F0971-367C-4324-8B1A-6FE95BD3DDB4}.Debug|Any CPU.ActiveCfg = Debug|Any CPU
		{B71F0971-367C-4324-8B1A-6FE95BD3DDB4}.Debug|Any CPU.Build.0 = Debug|Any CPU
		{B71F0971-367C-4324-8B1A-6FE95BD3DDB4}.Release|Any CPU.ActiveCfg = Release|Any CPU
		{B71F0971-367C-4324-8B1A-6FE95BD3DDB4}.Release|Any CPU.Build.0 = Release|Any CPU
		{326494EB-22A4-4881-B66A-79D8391F7EF2}.Debug|Any CPU.ActiveCfg = Debug|Any CPU
		{326494EB-22A4-4881-B66A-79D8391F7EF2}.Debug|Any CPU.Build.0 = Debug|Any CPU
		{326494EB-22A4-4881-B66A-79D8391F7EF2}.Release|Any CPU.ActiveCfg = Release|Any CPU
		{326494EB-22A4-4881-B66A-79D8391F7EF2}.Release|Any CPU.Build.0 = Release|Any CPU
		{F34BE611-A444-4F91-AB58-971347767C2B}.Debug|Any CPU.ActiveCfg = Debug|Any CPU
		{F34BE611-A444-4F91-AB58-971347767C2B}.Debug|Any CPU.Build.0 = Debug|Any CPU
		{F34BE611-A444-4F91-AB58-971347767C2B}.Release|Any CPU.ActiveCfg = Release|Any CPU
		{F34BE611-A444-4F91-AB58-971347767C2B}.Release|Any CPU.Build.0 = Release|Any CPU
		{149539B4-C7FC-4D85-8D5D-7442496D4E17}.Debug|Any CPU.ActiveCfg = Debug|Any CPU
		{149539B4-C7FC-4D85-8D5D-7442496D4E17}.Debug|Any CPU.Build.0 = Debug|Any CPU
		{149539B4-C7FC-4D85-8D5D-7442496D4E17}.Release|Any CPU.ActiveCfg = Release|Any CPU
		{149539B4-C7FC-4D85-8D5D-7442496D4E17}.Release|Any CPU.Build.0 = Release|Any CPU
		{E425A00D-63A3-48A6-AB66-ADFD8B9A67B4}.Debug|Any CPU.ActiveCfg = Debug|Any CPU
		{E425A00D-63A3-48A6-AB66-ADFD8B9A67B4}.Debug|Any CPU.Build.0 = Debug|Any CPU
		{E425A00D-63A3-48A6-AB66-ADFD8B9A67B4}.Release|Any CPU.ActiveCfg = Release|Any CPU
		{E425A00D-63A3-48A6-AB66-ADFD8B9A67B4}.Release|Any CPU.Build.0 = Release|Any CPU
		{C2E9B446-8F25-491B-9D27-CD86DBBB7AF0}.Debug|Any CPU.ActiveCfg = Debug|Any CPU
		{C2E9B446-8F25-491B-9D27-CD86DBBB7AF0}.Debug|Any CPU.Build.0 = Debug|Any CPU
		{C2E9B446-8F25-491B-9D27-CD86DBBB7AF0}.Release|Any CPU.ActiveCfg = Release|Any CPU
		{C2E9B446-8F25-491B-9D27-CD86DBBB7AF0}.Release|Any CPU.Build.0 = Release|Any CPU
		{C10C00A2-795E-4857-810E-C823AC34258E}.Debug|Any CPU.ActiveCfg = Debug|Any CPU
		{C10C00A2-795E-4857-810E-C823AC34258E}.Debug|Any CPU.Build.0 = Debug|Any CPU
		{C10C00A2-795E-4857-810E-C823AC34258E}.Release|Any CPU.ActiveCfg = Release|Any CPU
		{C10C00A2-795E-4857-810E-C823AC34258E}.Release|Any CPU.Build.0 = Release|Any CPU
		{87413CA1-BD8E-4FD0-BF39-D00C62D17C98}.Debug|Any CPU.ActiveCfg = Debug|Any CPU
		{87413CA1-BD8E-4FD0-BF39-D00C62D17C98}.Debug|Any CPU.Build.0 = Debug|Any CPU
		{87413CA1-BD8E-4FD0-BF39-D00C62D17C98}.Release|Any CPU.ActiveCfg = Release|Any CPU
		{87413CA1-BD8E-4FD0-BF39-D00C62D17C98}.Release|Any CPU.Build.0 = Release|Any CPU
		{9C874753-6901-44E6-B448-B7F3FB2AEAB9}.Debug|Any CPU.ActiveCfg = Debug|Any CPU
		{9C874753-6901-44E6-B448-B7F3FB2AEAB9}.Debug|Any CPU.Build.0 = Debug|Any CPU
		{9C874753-6901-44E6-B448-B7F3FB2AEAB9}.Release|Any CPU.ActiveCfg = Release|Any CPU
		{9C874753-6901-44E6-B448-B7F3FB2AEAB9}.Release|Any CPU.Build.0 = Release|Any CPU
		{698ED70A-9CA4-45BF-A98A-803A61340BFA}.Debug|Any CPU.ActiveCfg = Debug|Any CPU
		{698ED70A-9CA4-45BF-A98A-803A61340BFA}.Debug|Any CPU.Build.0 = Debug|Any CPU
		{698ED70A-9CA4-45BF-A98A-803A61340BFA}.Release|Any CPU.ActiveCfg = Release|Any CPU
		{698ED70A-9CA4-45BF-A98A-803A61340BFA}.Release|Any CPU.Build.0 = Release|Any CPU
	EndGlobalSection
	GlobalSection(SolutionProperties) = preSolution
		HideSolutionNode = FALSE
	EndGlobalSection
	GlobalSection(ExtensibilityGlobals) = postSolution
		SolutionGuid = {300519F0-DCF7-4024-B439-D2CF31067967}
	EndGlobalSection
EndGlobal
